
Microsoft Visual Studio Solution File, Format Version 12.00
# Visual Studio Version 16
VisualStudioVersion = 16.0.29806.167
MinimumVisualStudioVersion = 10.0.40219.1
Project("{FAE04EC0-301F-11D3-BF4B-00C04F79EFBC}") = "P4_LAB6", "P4_LAB6\P4_LAB6.csproj", "{9233E34F-0B11-4442-89E3-7FF4428CE2FA}"
EndProject
Global
	GlobalSection(SolutionConfigurationPlatforms) = preSolution
		Debug|Any CPU = Debug|Any CPU
		Release|Any CPU = Release|Any CPU
	EndGlobalSection
	GlobalSection(ProjectConfigurationPlatforms) = postSolution
		{9233E34F-0B11-4442-89E3-7FF4428CE2FA}.Debug|Any CPU.ActiveCfg = Debug|Any CPU
		{9233E34F-0B11-4442-89E3-7FF4428CE2FA}.Debug|Any CPU.Build.0 = Debug|Any CPU
		{9233E34F-0B11-4442-89E3-7FF4428CE2FA}.Release|Any CPU.ActiveCfg = Release|Any CPU
		{9233E34F-0B11-4442-89E3-7FF4428CE2FA}.Release|Any CPU.Build.0 = Release|Any CPU
	EndGlobalSection
	GlobalSection(SolutionProperties) = preSolution
		HideSolutionNode = FALSE
	EndGlobalSection
	GlobalSection(ExtensibilityGlobals) = postSolution
		SolutionGuid = {066EFA4D-50BD-4B3A-A180-787C6F267005}
	EndGlobalSection
EndGlobal
